// !$*UTF8*$!
{
	archiveVersion = 1;
	classes = {
	};
	objectVersion = 55;
	objects = {

/* Begin PBXBuildFile section */
		49073C9128C327B700BCC8BA /* SearchController+Extension.swift in Sources */ = {isa = PBXBuildFile; fileRef = 49073C9028C327B700BCC8BA /* SearchController+Extension.swift */; };
		49073C9328C3285B00BCC8BA /* Toolbar+Extension.swift in Sources */ = {isa = PBXBuildFile; fileRef = 49073C9228C3285B00BCC8BA /* Toolbar+Extension.swift */; };
		49073C9528C3290500BCC8BA /* Navigation+Extension.swift in Sources */ = {isa = PBXBuildFile; fileRef = 49073C9428C3290500BCC8BA /* Navigation+Extension.swift */; };
		49073C9728C3749000BCC8BA /* textHighlight+Extension.swift in Sources */ = {isa = PBXBuildFile; fileRef = 49073C9628C3749000BCC8BA /* textHighlight+Extension.swift */; };
		496C579228C094F700C84B9D /* ReusableProtocol.swift in Sources */ = {isa = PBXBuildFile; fileRef = 496C579128C094F700C84B9D /* ReusableProtocol.swift */; };
		496C579528C0A70C00C84B9D /* Constants.swift in Sources */ = {isa = PBXBuildFile; fileRef = 496C579428C0A70C00C84B9D /* Constants.swift */; };
		496C579728C0A71600C84B9D /* Color.swift in Sources */ = {isa = PBXBuildFile; fileRef = 496C579628C0A71600C84B9D /* Color.swift */; };
		496C579A28C0AD6A00C84B9D /* CornerRadius+Extension.swift in Sources */ = {isa = PBXBuildFile; fileRef = 496C579928C0AD6A00C84B9D /* CornerRadius+Extension.swift */; };
		496C579D28C0BC0100C84B9D /* RealmModel.swift in Sources */ = {isa = PBXBuildFile; fileRef = 496C579C28C0BC0100C84B9D /* RealmModel.swift */; };
		496C57A028C0BC6000C84B9D /* RealmSwift in Frameworks */ = {isa = PBXBuildFile; productRef = 496C579F28C0BC6000C84B9D /* RealmSwift */; };
		496C57A328C0BF6700C84B9D /* WriteViewController.swift in Sources */ = {isa = PBXBuildFile; fileRef = 496C57A228C0BF6700C84B9D /* WriteViewController.swift */; };
		496C57A528C0BF6E00C84B9D /* WriteView.swift in Sources */ = {isa = PBXBuildFile; fileRef = 496C57A428C0BF6E00C84B9D /* WriteView.swift */; };
		496C57A728C0E36000C84B9D /* UserMemoRepository.swift in Sources */ = {isa = PBXBuildFile; fileRef = 496C57A628C0E36000C84B9D /* UserMemoRepository.swift */; };
		496C57A928C10D7600C84B9D /* DateFormatChange.swift in Sources */ = {isa = PBXBuildFile; fileRef = 496C57A828C10D7600C84B9D /* DateFormatChange.swift */; };
		497A630228BF3C5E00008F03 /* AppDelegate.swift in Sources */ = {isa = PBXBuildFile; fileRef = 497A630128BF3C5E00008F03 /* AppDelegate.swift */; };
		497A630428BF3C5E00008F03 /* SceneDelegate.swift in Sources */ = {isa = PBXBuildFile; fileRef = 497A630328BF3C5E00008F03 /* SceneDelegate.swift */; };
		497A630628BF3C5E00008F03 /* ViewController.swift in Sources */ = {isa = PBXBuildFile; fileRef = 497A630528BF3C5E00008F03 /* ViewController.swift */; };
		497A630928BF3C5E00008F03 /* Main.storyboard in Resources */ = {isa = PBXBuildFile; fileRef = 497A630728BF3C5E00008F03 /* Main.storyboard */; };
		497A630B28BF3C6000008F03 /* Assets.xcassets in Resources */ = {isa = PBXBuildFile; fileRef = 497A630A28BF3C6000008F03 /* Assets.xcassets */; };
		497A630E28BF3C6000008F03 /* LaunchScreen.storyboard in Resources */ = {isa = PBXBuildFile; fileRef = 497A630C28BF3C6000008F03 /* LaunchScreen.storyboard */; };
		497A631628BF3C8100008F03 /* .gitignore in Resources */ = {isa = PBXBuildFile; fileRef = 497A631528BF3C8100008F03 /* .gitignore */; };
		497A631928BF3D2700008F03 /* BaseView.swift in Sources */ = {isa = PBXBuildFile; fileRef = 497A631828BF3D2700008F03 /* BaseView.swift */; };
		497A631B28BF3D3300008F03 /* BaseViewController.swift in Sources */ = {isa = PBXBuildFile; fileRef = 497A631A28BF3D3300008F03 /* BaseViewController.swift */; };
		497A632228BF403E00008F03 /* SnapKit in Frameworks */ = {isa = PBXBuildFile; productRef = 497A632128BF403E00008F03 /* SnapKit */; };
		497A632428BF460500008F03 /* BaseTableViewCell.swift in Sources */ = {isa = PBXBuildFile; fileRef = 497A632328BF460500008F03 /* BaseTableViewCell.swift */; };
		497A632728BF46A600008F03 /* MemoListView.swift in Sources */ = {isa = PBXBuildFile; fileRef = 497A632628BF46A600008F03 /* MemoListView.swift */; };
		497A632928BF46D600008F03 /* MemoListViewController.swift in Sources */ = {isa = PBXBuildFile; fileRef = 497A632828BF46D600008F03 /* MemoListViewController.swift */; };
		497A632B28BF46FB00008F03 /* MemoListTableViewCell.swift in Sources */ = {isa = PBXBuildFile; fileRef = 497A632A28BF46FB00008F03 /* MemoListTableViewCell.swift */; };
/* End PBXBuildFile section */

/* Begin PBXFileReference section */
		49073C9028C327B700BCC8BA /* SearchController+Extension.swift */ = {isa = PBXFileReference; lastKnownFileType = sourcecode.swift; path = "SearchController+Extension.swift"; sourceTree = "<group>"; };
		49073C9228C3285B00BCC8BA /* Toolbar+Extension.swift */ = {isa = PBXFileReference; lastKnownFileType = sourcecode.swift; path = "Toolbar+Extension.swift"; sourceTree = "<group>"; };
		49073C9428C3290500BCC8BA /* Navigation+Extension.swift */ = {isa = PBXFileReference; lastKnownFileType = sourcecode.swift; path = "Navigation+Extension.swift"; sourceTree = "<group>"; };
		49073C9628C3749000BCC8BA /* textHighlight+Extension.swift */ = {isa = PBXFileReference; lastKnownFileType = sourcecode.swift; path = "textHighlight+Extension.swift"; sourceTree = "<group>"; };
		496C579128C094F700C84B9D /* ReusableProtocol.swift */ = {isa = PBXFileReference; lastKnownFileType = sourcecode.swift; path = ReusableProtocol.swift; sourceTree = "<group>"; };
		496C579428C0A70C00C84B9D /* Constants.swift */ = {isa = PBXFileReference; lastKnownFileType = sourcecode.swift; path = Constants.swift; sourceTree = "<group>"; };
		496C579628C0A71600C84B9D /* Color.swift */ = {isa = PBXFileReference; lastKnownFileType = sourcecode.swift; path = Color.swift; sourceTree = "<group>"; };
		496C579928C0AD6A00C84B9D /* CornerRadius+Extension.swift */ = {isa = PBXFileReference; lastKnownFileType = sourcecode.swift; path = "CornerRadius+Extension.swift"; sourceTree = "<group>"; };
		496C579C28C0BC0100C84B9D /* RealmModel.swift */ = {isa = PBXFileReference; lastKnownFileType = sourcecode.swift; path = RealmModel.swift; sourceTree = "<group>"; };
		496C57A228C0BF6700C84B9D /* WriteViewController.swift */ = {isa = PBXFileReference; lastKnownFileType = sourcecode.swift; path = WriteViewController.swift; sourceTree = "<group>"; };
		496C57A428C0BF6E00C84B9D /* WriteView.swift */ = {isa = PBXFileReference; lastKnownFileType = sourcecode.swift; path = WriteView.swift; sourceTree = "<group>"; };
		496C57A628C0E36000C84B9D /* UserMemoRepository.swift */ = {isa = PBXFileReference; lastKnownFileType = sourcecode.swift; path = UserMemoRepository.swift; sourceTree = "<group>"; };
		496C57A828C10D7600C84B9D /* DateFormatChange.swift */ = {isa = PBXFileReference; lastKnownFileType = sourcecode.swift; path = DateFormatChange.swift; sourceTree = "<group>"; };
		497A62FE28BF3C5E00008F03 /* SeSAC_MemoProject.app */ = {isa = PBXFileReference; explicitFileType = wrapper.application; includeInIndex = 0; path = SeSAC_MemoProject.app; sourceTree = BUILT_PRODUCTS_DIR; };
		497A630128BF3C5E00008F03 /* AppDelegate.swift */ = {isa = PBXFileReference; lastKnownFileType = sourcecode.swift; path = AppDelegate.swift; sourceTree = "<group>"; };
		497A630328BF3C5E00008F03 /* SceneDelegate.swift */ = {isa = PBXFileReference; lastKnownFileType = sourcecode.swift; path = SceneDelegate.swift; sourceTree = "<group>"; };
		497A630528BF3C5E00008F03 /* ViewController.swift */ = {isa = PBXFileReference; lastKnownFileType = sourcecode.swift; path = ViewController.swift; sourceTree = "<group>"; };
		497A630828BF3C5E00008F03 /* Base */ = {isa = PBXFileReference; lastKnownFileType = file.storyboard; name = Base; path = Base.lproj/Main.storyboard; sourceTree = "<group>"; };
		497A630A28BF3C6000008F03 /* Assets.xcassets */ = {isa = PBXFileReference; lastKnownFileType = folder.assetcatalog; path = Assets.xcassets; sourceTree = "<group>"; };
		497A630D28BF3C6000008F03 /* Base */ = {isa = PBXFileReference; lastKnownFileType = file.storyboard; name = Base; path = Base.lproj/LaunchScreen.storyboard; sourceTree = "<group>"; };
		497A630F28BF3C6000008F03 /* Info.plist */ = {isa = PBXFileReference; lastKnownFileType = text.plist.xml; path = Info.plist; sourceTree = "<group>"; };
		497A631528BF3C8100008F03 /* .gitignore */ = {isa = PBXFileReference; lastKnownFileType = text; path = .gitignore; sourceTree = "<group>"; };
		497A631828BF3D2700008F03 /* BaseView.swift */ = {isa = PBXFileReference; lastKnownFileType = sourcecode.swift; path = BaseView.swift; sourceTree = "<group>"; };
		497A631A28BF3D3300008F03 /* BaseViewController.swift */ = {isa = PBXFileReference; lastKnownFileType = sourcecode.swift; path = BaseViewController.swift; sourceTree = "<group>"; };
		497A632328BF460500008F03 /* BaseTableViewCell.swift */ = {isa = PBXFileReference; lastKnownFileType = sourcecode.swift; path = BaseTableViewCell.swift; sourceTree = "<group>"; };
		497A632628BF46A600008F03 /* MemoListView.swift */ = {isa = PBXFileReference; lastKnownFileType = sourcecode.swift; path = MemoListView.swift; sourceTree = "<group>"; };
		497A632828BF46D600008F03 /* MemoListViewController.swift */ = {isa = PBXFileReference; lastKnownFileType = sourcecode.swift; path = MemoListViewController.swift; sourceTree = "<group>"; };
		497A632A28BF46FB00008F03 /* MemoListTableViewCell.swift */ = {isa = PBXFileReference; lastKnownFileType = sourcecode.swift; path = MemoListTableViewCell.swift; sourceTree = "<group>"; };
/* End PBXFileReference section */

/* Begin PBXFrameworksBuildPhase section */
		497A62FB28BF3C5E00008F03 /* Frameworks */ = {
			isa = PBXFrameworksBuildPhase;
			buildActionMask = 2147483647;
			files = (
				496C57A028C0BC6000C84B9D /* RealmSwift in Frameworks */,
				497A632228BF403E00008F03 /* SnapKit in Frameworks */,
			);
			runOnlyForDeploymentPostprocessing = 0;
		};
/* End PBXFrameworksBuildPhase section */

/* Begin PBXGroup section */
		49073C8F28C1DB7800BCC8BA /* DateFormat */ = {
			isa = PBXGroup;
			children = (
				496C57A828C10D7600C84B9D /* DateFormatChange.swift */,
			);
			path = DateFormat;
			sourceTree = "<group>";
		};
		496C579328C0A6E000C84B9D /* Constants */ = {
			isa = PBXGroup;
			children = (
				496C579428C0A70C00C84B9D /* Constants.swift */,
				496C579628C0A71600C84B9D /* Color.swift */,
			);
			path = Constants;
			sourceTree = "<group>";
		};
		496C579828C0AD5900C84B9D /* Extension */ = {
			isa = PBXGroup;
			children = (
				496C579928C0AD6A00C84B9D /* CornerRadius+Extension.swift */,
				49073C9028C327B700BCC8BA /* SearchController+Extension.swift */,
				49073C9228C3285B00BCC8BA /* Toolbar+Extension.swift */,
				49073C9428C3290500BCC8BA /* Navigation+Extension.swift */,
				49073C9628C3749000BCC8BA /* textHighlight+Extension.swift */,
			);
			path = Extension;
			sourceTree = "<group>";
		};
		496C579B28C0BBE600C84B9D /* Realm */ = {
			isa = PBXGroup;
			children = (
				496C579C28C0BC0100C84B9D /* RealmModel.swift */,
				496C57A628C0E36000C84B9D /* UserMemoRepository.swift */,
			);
			path = Realm;
			sourceTree = "<group>";
		};
		496C57A128C0BF3000C84B9D /* WriteMemo */ = {
			isa = PBXGroup;
			children = (
				496C57A228C0BF6700C84B9D /* WriteViewController.swift */,
				496C57A428C0BF6E00C84B9D /* WriteView.swift */,
			);
			path = WriteMemo;
			sourceTree = "<group>";
		};
		497A62F528BF3C5E00008F03 = {
			isa = PBXGroup;
			children = (
				497A631528BF3C8100008F03 /* .gitignore */,
				496C579128C094F700C84B9D /* ReusableProtocol.swift */,
				496C579B28C0BBE600C84B9D /* Realm */,
				49073C8F28C1DB7800BCC8BA /* DateFormat */,
				496C579828C0AD5900C84B9D /* Extension */,
				496C579328C0A6E000C84B9D /* Constants */,
				496C57A128C0BF3000C84B9D /* WriteMemo */,
				497A632528BF468C00008F03 /* MemoList */,
				497A631728BF3D1300008F03 /* Base */,
				497A630028BF3C5E00008F03 /* SeSAC_MemoProject */,
				497A62FF28BF3C5E00008F03 /* Products */,
			);
			sourceTree = "<group>";
		};
		497A62FF28BF3C5E00008F03 /* Products */ = {
			isa = PBXGroup;
			children = (
				497A62FE28BF3C5E00008F03 /* SeSAC_MemoProject.app */,
			);
			name = Products;
			sourceTree = "<group>";
		};
		497A630028BF3C5E00008F03 /* SeSAC_MemoProject */ = {
			isa = PBXGroup;
			children = (
				497A630128BF3C5E00008F03 /* AppDelegate.swift */,
				497A630328BF3C5E00008F03 /* SceneDelegate.swift */,
				497A630528BF3C5E00008F03 /* ViewController.swift */,
				497A630728BF3C5E00008F03 /* Main.storyboard */,
				497A630A28BF3C6000008F03 /* Assets.xcassets */,
				497A630C28BF3C6000008F03 /* LaunchScreen.storyboard */,
				497A630F28BF3C6000008F03 /* Info.plist */,
			);
			path = SeSAC_MemoProject;
			sourceTree = "<group>";
		};
		497A631728BF3D1300008F03 /* Base */ = {
			isa = PBXGroup;
			children = (
				497A631828BF3D2700008F03 /* BaseView.swift */,
				497A631A28BF3D3300008F03 /* BaseViewController.swift */,
				497A632328BF460500008F03 /* BaseTableViewCell.swift */,
			);
			path = Base;
			sourceTree = "<group>";
		};
		497A632528BF468C00008F03 /* MemoList */ = {
			isa = PBXGroup;
			children = (
				497A632828BF46D600008F03 /* MemoListViewController.swift */,
				497A632628BF46A600008F03 /* MemoListView.swift */,
				497A632A28BF46FB00008F03 /* MemoListTableViewCell.swift */,
			);
			path = MemoList;
			sourceTree = "<group>";
		};
/* End PBXGroup section */

/* Begin PBXNativeTarget section */
		497A62FD28BF3C5E00008F03 /* SeSAC_MemoProject */ = {
			isa = PBXNativeTarget;
			buildConfigurationList = 497A631228BF3C6000008F03 /* Build configuration list for PBXNativeTarget "SeSAC_MemoProject" */;
			buildPhases = (
				497A62FA28BF3C5E00008F03 /* Sources */,
				497A62FB28BF3C5E00008F03 /* Frameworks */,
				497A62FC28BF3C5E00008F03 /* Resources */,
			);
			buildRules = (
			);
			dependencies = (
			);
			name = SeSAC_MemoProject;
			packageProductDependencies = (
				497A632128BF403E00008F03 /* SnapKit */,
				496C579F28C0BC6000C84B9D /* RealmSwift */,
			);
			productName = SeSAC_MemoProject;
			productReference = 497A62FE28BF3C5E00008F03 /* SeSAC_MemoProject.app */;
			productType = "com.apple.product-type.application";
		};
/* End PBXNativeTarget section */

/* Begin PBXProject section */
		497A62F628BF3C5E00008F03 /* Project object */ = {
			isa = PBXProject;
			attributes = {
				BuildIndependentTargetsInParallel = 1;
				LastSwiftUpdateCheck = 1340;
				LastUpgradeCheck = 1340;
				TargetAttributes = {
					497A62FD28BF3C5E00008F03 = {
						CreatedOnToolsVersion = 13.4.1;
					};
				};
			};
			buildConfigurationList = 497A62F928BF3C5E00008F03 /* Build configuration list for PBXProject "SeSAC_MemoProject" */;
			compatibilityVersion = "Xcode 13.0";
			developmentRegion = en;
			hasScannedForEncodings = 0;
			knownRegions = (
				en,
				Base,
			);
			mainGroup = 497A62F528BF3C5E00008F03;
			packageReferences = (
				497A632028BF403E00008F03 /* XCRemoteSwiftPackageReference "SnapKit" */,
				496C579E28C0BC6000C84B9D /* XCRemoteSwiftPackageReference "realm-swift" */,
			);
			productRefGroup = 497A62FF28BF3C5E00008F03 /* Products */;
			projectDirPath = "";
			projectRoot = "";
			targets = (
				497A62FD28BF3C5E00008F03 /* SeSAC_MemoProject */,
			);
		};
/* End PBXProject section */

/* Begin PBXResourcesBuildPhase section */
		497A62FC28BF3C5E00008F03 /* Resources */ = {
			isa = PBXResourcesBuildPhase;
			buildActionMask = 2147483647;
			files = (
				497A631628BF3C8100008F03 /* .gitignore in Resources */,
				497A630E28BF3C6000008F03 /* LaunchScreen.storyboard in Resources */,
				497A630B28BF3C6000008F03 /* Assets.xcassets in Resources */,
				497A630928BF3C5E00008F03 /* Main.storyboard in Resources */,
			);
			runOnlyForDeploymentPostprocessing = 0;
		};
/* End PBXResourcesBuildPhase section */

/* Begin PBXSourcesBuildPhase section */
		497A62FA28BF3C5E00008F03 /* Sources */ = {
			isa = PBXSourcesBuildPhase;
			buildActionMask = 2147483647;
			files = (
				496C57A528C0BF6E00C84B9D /* WriteView.swift in Sources */,
				497A632928BF46D600008F03 /* MemoListViewController.swift in Sources */,
				496C579D28C0BC0100C84B9D /* RealmModel.swift in Sources */,
				496C579528C0A70C00C84B9D /* Constants.swift in Sources */,
				496C57A328C0BF6700C84B9D /* WriteViewController.swift in Sources */,
				497A632B28BF46FB00008F03 /* MemoListTableViewCell.swift in Sources */,
				496C57A928C10D7600C84B9D /* DateFormatChange.swift in Sources */,
				496C579228C094F700C84B9D /* ReusableProtocol.swift in Sources */,
				497A631B28BF3D3300008F03 /* BaseViewController.swift in Sources */,
				49073C9328C3285B00BCC8BA /* Toolbar+Extension.swift in Sources */,
				496C579728C0A71600C84B9D /* Color.swift in Sources */,
				497A630628BF3C5E00008F03 /* ViewController.swift in Sources */,
				496C57A728C0E36000C84B9D /* UserMemoRepository.swift in Sources */,
				497A630228BF3C5E00008F03 /* AppDelegate.swift in Sources */,
				497A630428BF3C5E00008F03 /* SceneDelegate.swift in Sources */,
				49073C9128C327B700BCC8BA /* SearchController+Extension.swift in Sources */,
				49073C9728C3749000BCC8BA /* textHighlight+Extension.swift in Sources */,
				49073C9528C3290500BCC8BA /* Navigation+Extension.swift in Sources */,
				497A632728BF46A600008F03 /* MemoListView.swift in Sources */,
				497A632428BF460500008F03 /* BaseTableViewCell.swift in Sources */,
				497A631928BF3D2700008F03 /* BaseView.swift in Sources */,
				496C579A28C0AD6A00C84B9D /* CornerRadius+Extension.swift in Sources */,
			);
			runOnlyForDeploymentPostprocessing = 0;
		};
/* End PBXSourcesBuildPhase section */

/* Begin PBXVariantGroup section */
		497A630728BF3C5E00008F03 /* Main.storyboard */ = {
			isa = PBXVariantGroup;
			children = (
				497A630828BF3C5E00008F03 /* Base */,
			);
			name = Main.storyboard;
			sourceTree = "<group>";
		};
		497A630C28BF3C6000008F03 /* LaunchScreen.storyboard */ = {
			isa = PBXVariantGroup;
			children = (
				497A630D28BF3C6000008F03 /* Base */,
			);
			name = LaunchScreen.storyboard;
			sourceTree = "<group>";
		};
/* End PBXVariantGroup section */

/* Begin XCBuildConfiguration section */
		497A631028BF3C6000008F03 /* Debug */ = {
			isa = XCBuildConfiguration;
			buildSettings = {
				ALWAYS_SEARCH_USER_PATHS = NO;
				CLANG_ANALYZER_NONNULL = YES;
				CLANG_ANALYZER_NUMBER_OBJECT_CONVERSION = YES_AGGRESSIVE;
				CLANG_CXX_LANGUAGE_STANDARD = "gnu++17";
				CLANG_ENABLE_MODULES = YES;
				CLANG_ENABLE_OBJC_ARC = YES;
				CLANG_ENABLE_OBJC_WEAK = YES;
				CLANG_WARN_BLOCK_CAPTURE_AUTORELEASING = YES;
				CLANG_WARN_BOOL_CONVERSION = YES;
				CLANG_WARN_COMMA = YES;
				CLANG_WARN_CONSTANT_CONVERSION = YES;
				CLANG_WARN_DEPRECATED_OBJC_IMPLEMENTATIONS = YES;
				CLANG_WARN_DIRECT_OBJC_ISA_USAGE = YES_ERROR;
				CLANG_WARN_DOCUMENTATION_COMMENTS = YES;
				CLANG_WARN_EMPTY_BODY = YES;
				CLANG_WARN_ENUM_CONVERSION = YES;
				CLANG_WARN_INFINITE_RECURSION = YES;
				CLANG_WARN_INT_CONVERSION = YES;
				CLANG_WARN_NON_LITERAL_NULL_CONVERSION = YES;
				CLANG_WARN_OBJC_IMPLICIT_RETAIN_SELF = YES;
				CLANG_WARN_OBJC_LITERAL_CONVERSION = YES;
				CLANG_WARN_OBJC_ROOT_CLASS = YES_ERROR;
				CLANG_WARN_QUOTED_INCLUDE_IN_FRAMEWORK_HEADER = YES;
				CLANG_WARN_RANGE_LOOP_ANALYSIS = YES;
				CLANG_WARN_STRICT_PROTOTYPES = YES;
				CLANG_WARN_SUSPICIOUS_MOVE = YES;
				CLANG_WARN_UNGUARDED_AVAILABILITY = YES_AGGRESSIVE;
				CLANG_WARN_UNREACHABLE_CODE = YES;
				CLANG_WARN__DUPLICATE_METHOD_MATCH = YES;
				COPY_PHASE_STRIP = NO;
				DEBUG_INFORMATION_FORMAT = dwarf;
				ENABLE_STRICT_OBJC_MSGSEND = YES;
				ENABLE_TESTABILITY = YES;
				GCC_C_LANGUAGE_STANDARD = gnu11;
				GCC_DYNAMIC_NO_PIC = NO;
				GCC_NO_COMMON_BLOCKS = YES;
				GCC_OPTIMIZATION_LEVEL = 0;
				GCC_PREPROCESSOR_DEFINITIONS = (
					"DEBUG=1",
					"$(inherited)",
				);
				GCC_WARN_64_TO_32_BIT_CONVERSION = YES;
				GCC_WARN_ABOUT_RETURN_TYPE = YES_ERROR;
				GCC_WARN_UNDECLARED_SELECTOR = YES;
				GCC_WARN_UNINITIALIZED_AUTOS = YES_AGGRESSIVE;
				GCC_WARN_UNUSED_FUNCTION = YES;
				GCC_WARN_UNUSED_VARIABLE = YES;
				IPHONEOS_DEPLOYMENT_TARGET = 15.5;
				MTL_ENABLE_DEBUG_INFO = INCLUDE_SOURCE;
				MTL_FAST_MATH = YES;
				ONLY_ACTIVE_ARCH = YES;
				SDKROOT = iphoneos;
				SWIFT_ACTIVE_COMPILATION_CONDITIONS = DEBUG;
				SWIFT_OPTIMIZATION_LEVEL = "-Onone";
			};
			name = Debug;
		};
		497A631128BF3C6000008F03 /* Release */ = {
			isa = XCBuildConfiguration;
			buildSettings = {
				ALWAYS_SEARCH_USER_PATHS = NO;
				CLANG_ANALYZER_NONNULL = YES;
				CLANG_ANALYZER_NUMBER_OBJECT_CONVERSION = YES_AGGRESSIVE;
				CLANG_CXX_LANGUAGE_STANDARD = "gnu++17";
				CLANG_ENABLE_MODULES = YES;
				CLANG_ENABLE_OBJC_ARC = YES;
				CLANG_ENABLE_OBJC_WEAK = YES;
				CLANG_WARN_BLOCK_CAPTURE_AUTORELEASING = YES;
				CLANG_WARN_BOOL_CONVERSION = YES;
				CLANG_WARN_COMMA = YES;
				CLANG_WARN_CONSTANT_CONVERSION = YES;
				CLANG_WARN_DEPRECATED_OBJC_IMPLEMENTATIONS = YES;
				CLANG_WARN_DIRECT_OBJC_ISA_USAGE = YES_ERROR;
				CLANG_WARN_DOCUMENTATION_COMMENTS = YES;
				CLANG_WARN_EMPTY_BODY = YES;
				CLANG_WARN_ENUM_CONVERSION = YES;
				CLANG_WARN_INFINITE_RECURSION = YES;
				CLANG_WARN_INT_CONVERSION = YES;
				CLANG_WARN_NON_LITERAL_NULL_CONVERSION = YES;
				CLANG_WARN_OBJC_IMPLICIT_RETAIN_SELF = YES;
				CLANG_WARN_OBJC_LITERAL_CONVERSION = YES;
				CLANG_WARN_OBJC_ROOT_CLASS = YES_ERROR;
				CLANG_WARN_QUOTED_INCLUDE_IN_FRAMEWORK_HEADER = YES;
				CLANG_WARN_RANGE_LOOP_ANALYSIS = YES;
				CLANG_WARN_STRICT_PROTOTYPES = YES;
				CLANG_WARN_SUSPICIOUS_MOVE = YES;
				CLANG_WARN_UNGUARDED_AVAILABILITY = YES_AGGRESSIVE;
				CLANG_WARN_UNREACHABLE_CODE = YES;
				CLANG_WARN__DUPLICATE_METHOD_MATCH = YES;
				COPY_PHASE_STRIP = NO;
				DEBUG_INFORMATION_FORMAT = "dwarf-with-dsym";
				ENABLE_NS_ASSERTIONS = NO;
				ENABLE_STRICT_OBJC_MSGSEND = YES;
				GCC_C_LANGUAGE_STANDARD = gnu11;
				GCC_NO_COMMON_BLOCKS = YES;
				GCC_WARN_64_TO_32_BIT_CONVERSION = YES;
				GCC_WARN_ABOUT_RETURN_TYPE = YES_ERROR;
				GCC_WARN_UNDECLARED_SELECTOR = YES;
				GCC_WARN_UNINITIALIZED_AUTOS = YES_AGGRESSIVE;
				GCC_WARN_UNUSED_FUNCTION = YES;
				GCC_WARN_UNUSED_VARIABLE = YES;
				IPHONEOS_DEPLOYMENT_TARGET = 15.5;
				MTL_ENABLE_DEBUG_INFO = NO;
				MTL_FAST_MATH = YES;
				SDKROOT = iphoneos;
				SWIFT_COMPILATION_MODE = wholemodule;
				SWIFT_OPTIMIZATION_LEVEL = "-O";
				VALIDATE_PRODUCT = YES;
			};
			name = Release;
		};
		497A631328BF3C6000008F03 /* Debug */ = {
			isa = XCBuildConfiguration;
			buildSettings = {
				ASSETCATALOG_COMPILER_APPICON_NAME = AppIcon;
				ASSETCATALOG_COMPILER_GLOBAL_ACCENT_COLOR_NAME = AccentColor;
				CODE_SIGN_STYLE = Automatic;
				CURRENT_PROJECT_VERSION = 1;
				DEVELOPMENT_TEAM = AW5HC5SGGG;
				GENERATE_INFOPLIST_FILE = YES;
				INFOPLIST_FILE = SeSAC_MemoProject/Info.plist;
				INFOPLIST_KEY_UIApplicationSupportsIndirectInputEvents = YES;
				INFOPLIST_KEY_UILaunchStoryboardName = LaunchScreen;
				INFOPLIST_KEY_UIMainStoryboardFile = Main;
				INFOPLIST_KEY_UISupportedInterfaceOrientations_iPad = "UIInterfaceOrientationPortrait UIInterfaceOrientationPortraitUpsideDown UIInterfaceOrientationLandscapeLeft UIInterfaceOrientationLandscapeRight";
				INFOPLIST_KEY_UISupportedInterfaceOrientations_iPhone = "UIInterfaceOrientationPortrait UIInterfaceOrientationLandscapeLeft UIInterfaceOrientationLandscapeRight";
				LD_RUNPATH_SEARCH_PATHS = (
					"$(inherited)",
					"@executable_path/Frameworks",
				);
				MARKETING_VERSION = 1.0;
				PRODUCT_BUNDLE_IDENTIFIER = "com.dlee..SeSAC-MemoProject";
				PRODUCT_NAME = "$(TARGET_NAME)";
				SWIFT_EMIT_LOC_STRINGS = YES;
				SWIFT_VERSION = 5.0;
				TARGETED_DEVICE_FAMILY = "1,2";
			};
			name = Debug;
		};
		497A631428BF3C6000008F03 /* Release */ = {
			isa = XCBuildConfiguration;
			buildSettings = {
				ASSETCATALOG_COMPILER_APPICON_NAME = AppIcon;
				ASSETCATALOG_COMPILER_GLOBAL_ACCENT_COLOR_NAME = AccentColor;
				CODE_SIGN_STYLE = Automatic;
				CURRENT_PROJECT_VERSION = 1;
				DEVELOPMENT_TEAM = AW5HC5SGGG;
				GENERATE_INFOPLIST_FILE = YES;
				INFOPLIST_FILE = SeSAC_MemoProject/Info.plist;
				INFOPLIST_KEY_UIApplicationSupportsIndirectInputEvents = YES;
				INFOPLIST_KEY_UILaunchStoryboardName = LaunchScreen;
				INFOPLIST_KEY_UIMainStoryboardFile = Main;
				INFOPLIST_KEY_UISupportedInterfaceOrientations_iPad = "UIInterfaceOrientationPortrait UIInterfaceOrientationPortraitUpsideDown UIInterfaceOrientationLandscapeLeft UIInterfaceOrientationLandscapeRight";
				INFOPLIST_KEY_UISupportedInterfaceOrientations_iPhone = "UIInterfaceOrientationPortrait UIInterfaceOrientationLandscapeLeft UIInterfaceOrientationLandscapeRight";
				LD_RUNPATH_SEARCH_PATHS = (
					"$(inherited)",
					"@executable_path/Frameworks",
				);
				MARKETING_VERSION = 1.0;
				PRODUCT_BUNDLE_IDENTIFIER = "com.dlee..SeSAC-MemoProject";
				PRODUCT_NAME = "$(TARGET_NAME)";
				SWIFT_EMIT_LOC_STRINGS = YES;
				SWIFT_VERSION = 5.0;
				TARGETED_DEVICE_FAMILY = "1,2";
			};
			name = Release;
		};
/* End XCBuildConfiguration section */

/* Begin XCConfigurationList section */
		497A62F928BF3C5E00008F03 /* Build configuration list for PBXProject "SeSAC_MemoProject" */ = {
			isa = XCConfigurationList;
			buildConfigurations = (
				497A631028BF3C6000008F03 /* Debug */,
				497A631128BF3C6000008F03 /* Release */,
			);
			defaultConfigurationIsVisible = 0;
			defaultConfigurationName = Release;
		};
		497A631228BF3C6000008F03 /* Build configuration list for PBXNativeTarget "SeSAC_MemoProject" */ = {
			isa = XCConfigurationList;
			buildConfigurations = (
				497A631328BF3C6000008F03 /* Debug */,
				497A631428BF3C6000008F03 /* Release */,
			);
			defaultConfigurationIsVisible = 0;
			defaultConfigurationName = Release;
		};
/* End XCConfigurationList section */

/* Begin XCRemoteSwiftPackageReference section */
		496C579E28C0BC6000C84B9D /* XCRemoteSwiftPackageReference "realm-swift" */ = {
			isa = XCRemoteSwiftPackageReference;
			repositoryURL = "https://github.com/realm/realm-swift.git";
			requirement = {
				kind = upToNextMajorVersion;
				minimumVersion = 10.0.0;
			};
		};
		497A632028BF403E00008F03 /* XCRemoteSwiftPackageReference "SnapKit" */ = {
			isa = XCRemoteSwiftPackageReference;
			repositoryURL = "https://github.com/SnapKit/SnapKit.git";
			requirement = {
				branch = develop;
				kind = branch;
			};
		};
/* End XCRemoteSwiftPackageReference section */

/* Begin XCSwiftPackageProductDependency section */
		496C579F28C0BC6000C84B9D /* RealmSwift */ = {
			isa = XCSwiftPackageProductDependency;
			package = 496C579E28C0BC6000C84B9D /* XCRemoteSwiftPackageReference "realm-swift" */;
			productName = RealmSwift;
		};
		497A632128BF403E00008F03 /* SnapKit */ = {
			isa = XCSwiftPackageProductDependency;
			package = 497A632028BF403E00008F03 /* XCRemoteSwiftPackageReference "SnapKit" */;
			productName = SnapKit;
		};
/* End XCSwiftPackageProductDependency section */
	};
	rootObject = 497A62F628BF3C5E00008F03 /* Project object */;
}
